// !$*UTF8*$!
{
	archiveVersion = 1;
	classes = {
	};
	objectVersion = 55;
	objects = {

/* Begin PBXBuildFile section */
		C96D191B29A0CB8B0056C3F9 /* AppDelegate.swift in Sources */ = {isa = PBXBuildFile; fileRef = C96D191A29A0CB8B0056C3F9 /* AppDelegate.swift */; };
		C96D191D29A0CB8B0056C3F9 /* SceneDelegate.swift in Sources */ = {isa = PBXBuildFile; fileRef = C96D191C29A0CB8B0056C3F9 /* SceneDelegate.swift */; };
		C96D191F29A0CB8B0056C3F9 /* ViewController.swift in Sources */ = {isa = PBXBuildFile; fileRef = C96D191E29A0CB8B0056C3F9 /* ViewController.swift */; };
		C96D192229A0CB8B0056C3F9 /* Main.storyboard in Resources */ = {isa = PBXBuildFile; fileRef = C96D192029A0CB8B0056C3F9 /* Main.storyboard */; };
		C96D192529A0CB8B0056C3F9 /* LineNews.xcdatamodeld in Sources */ = {isa = PBXBuildFile; fileRef = C96D192329A0CB8B0056C3F9 /* LineNews.xcdatamodeld */; };
		C96D192729A0CB8C0056C3F9 /* Assets.xcassets in Resources */ = {isa = PBXBuildFile; fileRef = C96D192629A0CB8C0056C3F9 /* Assets.xcassets */; };
		C96D192A29A0CB8C0056C3F9 /* LaunchScreen.storyboard in Resources */ = {isa = PBXBuildFile; fileRef = C96D192829A0CB8C0056C3F9 /* LaunchScreen.storyboard */; };
/* End PBXBuildFile section */

/* Begin PBXFileReference section */
		C96D191729A0CB8B0056C3F9 /* LineNews.app */ = {isa = PBXFileReference; explicitFileType = wrapper.application; includeInIndex = 0; path = LineNews.app; sourceTree = BUILT_PRODUCTS_DIR; };
		C96D191A29A0CB8B0056C3F9 /* AppDelegate.swift */ = {isa = PBXFileReference; lastKnownFileType = sourcecode.swift; path = AppDelegate.swift; sourceTree = "<group>"; };
		C96D191C29A0CB8B0056C3F9 /* SceneDelegate.swift */ = {isa = PBXFileReference; lastKnownFileType = sourcecode.swift; path = SceneDelegate.swift; sourceTree = "<group>"; };
		C96D191E29A0CB8B0056C3F9 /* ViewController.swift */ = {isa = PBXFileReference; lastKnownFileType = sourcecode.swift; path = ViewController.swift; sourceTree = "<group>"; };
		C96D192129A0CB8B0056C3F9 /* Base */ = {isa = PBXFileReference; lastKnownFileType = file.storyboard; name = Base; path = Base.lproj/Main.storyboard; sourceTree = "<group>"; };
		C96D192429A0CB8B0056C3F9 /* LineNews.xcdatamodel */ = {isa = PBXFileReference; lastKnownFileType = wrapper.xcdatamodel; path = LineNews.xcdatamodel; sourceTree = "<group>"; };
		C96D192629A0CB8C0056C3F9 /* Assets.xcassets */ = {isa = PBXFileReference; lastKnownFileType = folder.assetcatalog; path = Assets.xcassets; sourceTree = "<group>"; };
		C96D192929A0CB8C0056C3F9 /* Base */ = {isa = PBXFileReference; lastKnownFileType = file.storyboard; name = Base; path = Base.lproj/LaunchScreen.storyboard; sourceTree = "<group>"; };
		C96D192B29A0CB8C0056C3F9 /* Info.plist */ = {isa = PBXFileReference; lastKnownFileType = text.plist.xml; path = Info.plist; sourceTree = "<group>"; };
/* End PBXFileReference section */

/* Begin PBXFrameworksBuildPhase section */
		C96D191429A0CB8B0056C3F9 /* Frameworks */ = {
			isa = PBXFrameworksBuildPhase;
			buildActionMask = 2147483647;
			files = (
			);
			runOnlyForDeploymentPostprocessing = 0;
		};
/* End PBXFrameworksBuildPhase section */

/* Begin PBXGroup section */
		C96D190E29A0CB8B0056C3F9 = {
			isa = PBXGroup;
			children = (
				C96D191929A0CB8B0056C3F9 /* LineNews */,
				C96D191829A0CB8B0056C3F9 /* Products */,
			);
			sourceTree = "<group>";
		};
		C96D191829A0CB8B0056C3F9 /* Products */ = {
			isa = PBXGroup;
			children = (
				C96D191729A0CB8B0056C3F9 /* LineNews.app */,
			);
			name = Products;
			sourceTree = "<group>";
		};
		C96D191929A0CB8B0056C3F9 /* LineNews */ = {
			isa = PBXGroup;
			children = (
				C96D191A29A0CB8B0056C3F9 /* AppDelegate.swift */,
				C96D191C29A0CB8B0056C3F9 /* SceneDelegate.swift */,
				C96D191E29A0CB8B0056C3F9 /* ViewController.swift */,
				C96D192029A0CB8B0056C3F9 /* Main.storyboard */,
				C96D192629A0CB8C0056C3F9 /* Assets.xcassets */,
				C96D192829A0CB8C0056C3F9 /* LaunchScreen.storyboard */,
				C96D192B29A0CB8C0056C3F9 /* Info.plist */,
				C96D192329A0CB8B0056C3F9 /* LineNews.xcdatamodeld */,
			);
			path = LineNews;
			sourceTree = "<group>";
		};
/* End PBXGroup section */

/* Begin PBXNativeTarget section */
		C96D191629A0CB8B0056C3F9 /* LineNews */ = {
			isa = PBXNativeTarget;
			buildConfigurationList = C96D192E29A0CB8C0056C3F9 /* Build configuration list for PBXNativeTarget "LineNews" */;
			buildPhases = (
				C96D191329A0CB8B0056C3F9 /* Sources */,
				C96D191429A0CB8B0056C3F9 /* Frameworks */,
				C96D191529A0CB8B0056C3F9 /* Resources */,
			);
			buildRules = (
			);
			dependencies = (
			);
			name = LineNews;
			productName = LineNews;
			productReference = C96D191729A0CB8B0056C3F9 /* LineNews.app */;
			productType = "com.apple.product-type.application";
		};
/* End PBXNativeTarget section */

/* Begin PBXProject section */
		C96D190F29A0CB8B0056C3F9 /* Project object */ = {
			isa = PBXProject;
			attributes = {
				BuildIndependentTargetsInParallel = 1;
				LastSwiftUpdateCheck = 1340;
				LastUpgradeCheck = 1340;
				TargetAttributes = {
					C96D191629A0CB8B0056C3F9 = {
						CreatedOnToolsVersion = 13.4.1;
					};
				};
			};
			buildConfigurationList = C96D191229A0CB8B0056C3F9 /* Build configuration list for PBXProject "LineNews" */;
			compatibilityVersion = "Xcode 13.0";
			developmentRegion = en;
			hasScannedForEncodings = 0;
			knownRegions = (
				en,
				Base,
			);
			mainGroup = C96D190E29A0CB8B0056C3F9;
			productRefGroup = C96D191829A0CB8B0056C3F9 /* Products */;
			projectDirPath = "";
			projectRoot = "";
			targets = (
				C96D191629A0CB8B0056C3F9 /* LineNews */,
			);
		};
/* End PBXProject section */

/* Begin PBXResourcesBuildPhase section */
		C96D191529A0CB8B0056C3F9 /* Resources */ = {
			isa = PBXResourcesBuildPhase;
			buildActionMask = 2147483647;
			files = (
				C96D192A29A0CB8C0056C3F9 /* LaunchScreen.storyboard in Resources */,
				C96D192729A0CB8C0056C3F9 /* Assets.xcassets in Resources */,
				C96D192229A0CB8B0056C3F9 /* Main.storyboard in Resources */,
			);
			runOnlyForDeploymentPostprocessing = 0;
		};
/* End PBXResourcesBuildPhase section */

/* Begin PBXSourcesBuildPhase section */
		C96D191329A0CB8B0056C3F9 /* Sources */ = {
			isa = PBXSourcesBuildPhase;
			buildActionMask = 2147483647;
			files = (
				C96D191F29A0CB8B0056C3F9 /* ViewController.swift in Sources */,
				C96D191B29A0CB8B0056C3F9 /* AppDelegate.swift in Sources */,
				C96D192529A0CB8B0056C3F9 /* LineNews.xcdatamodeld in Sources */,
				C96D191D29A0CB8B0056C3F9 /* SceneDelegate.swift in Sources */,
			);
			runOnlyForDeploymentPostprocessing = 0;
		};
/* End PBXSourcesBuildPhase section */

/* Begin PBXVariantGroup section */
		C96D192029A0CB8B0056C3F9 /* Main.storyboard */ = {
			isa = PBXVariantGroup;
			children = (
				C96D192129A0CB8B0056C3F9 /* Base */,
			);
			name = Main.storyboard;
			sourceTree = "<group>";
		};
		C96D192829A0CB8C0056C3F9 /* LaunchScreen.storyboard */ = {
			isa = PBXVariantGroup;
			children = (
				C96D192929A0CB8C0056C3F9 /* Base */,
			);
			name = LaunchScreen.storyboard;
			sourceTree = "<group>";
		};
/* End PBXVariantGroup section */

/* Begin XCBuildConfiguration section */
		C96D192C29A0CB8C0056C3F9 /* Debug */ = {
			isa = XCBuildConfiguration;
			buildSettings = {
				ALWAYS_SEARCH_USER_PATHS = NO;
				CLANG_ANALYZER_NONNULL = YES;
				CLANG_ANALYZER_NUMBER_OBJECT_CONVERSION = YES_AGGRESSIVE;
				CLANG_CXX_LANGUAGE_STANDARD = "gnu++17";
				CLANG_ENABLE_MODULES = YES;
				CLANG_ENABLE_OBJC_ARC = YES;
				CLANG_ENABLE_OBJC_WEAK = YES;
				CLANG_WARN_BLOCK_CAPTURE_AUTORELEASING = YES;
				CLANG_WARN_BOOL_CONVERSION = YES;
				CLANG_WARN_COMMA = YES;
				CLANG_WARN_CONSTANT_CONVERSION = YES;
				CLANG_WARN_DEPRECATED_OBJC_IMPLEMENTATIONS = YES;
				CLANG_WARN_DIRECT_OBJC_ISA_USAGE = YES_ERROR;
				CLANG_WARN_DOCUMENTATION_COMMENTS = YES;
				CLANG_WARN_EMPTY_BODY = YES;
				CLANG_WARN_ENUM_CONVERSION = YES;
				CLANG_WARN_INFINITE_RECURSION = YES;
				CLANG_WARN_INT_CONVERSION = YES;
				CLANG_WARN_NON_LITERAL_NULL_CONVERSION = YES;
				CLANG_WARN_OBJC_IMPLICIT_RETAIN_SELF = YES;
				CLANG_WARN_OBJC_LITERAL_CONVERSION = YES;
				CLANG_WARN_OBJC_ROOT_CLASS = YES_ERROR;
				CLANG_WARN_QUOTED_INCLUDE_IN_FRAMEWORK_HEADER = YES;
				CLANG_WARN_RANGE_LOOP_ANALYSIS = YES;
				CLANG_WARN_STRICT_PROTOTYPES = YES;
				CLANG_WARN_SUSPICIOUS_MOVE = YES;
				CLANG_WARN_UNGUARDED_AVAILABILITY = YES_AGGRESSIVE;
				CLANG_WARN_UNREACHABLE_CODE = YES;
				CLANG_WARN__DUPLICATE_METHOD_MATCH = YES;
				COPY_PHASE_STRIP = NO;
				DEBUG_INFORMATION_FORMAT = dwarf;
				ENABLE_STRICT_OBJC_MSGSEND = YES;
				ENABLE_TESTABILITY = YES;
				GCC_C_LANGUAGE_STANDARD = gnu11;
				GCC_DYNAMIC_NO_PIC = NO;
				GCC_NO_COMMON_BLOCKS = YES;
				GCC_OPTIMIZATION_LEVEL = 0;
				GCC_PREPROCESSOR_DEFINITIONS = (
					"DEBUG=1",
					"$(inherited)",
				);
				GCC_WARN_64_TO_32_BIT_CONVERSION = YES;
				GCC_WARN_ABOUT_RETURN_TYPE = YES_ERROR;
				GCC_WARN_UNDECLARED_SELECTOR = YES;
				GCC_WARN_UNINITIALIZED_AUTOS = YES_AGGRESSIVE;
				GCC_WARN_UNUSED_FUNCTION = YES;
				GCC_WARN_UNUSED_VARIABLE = YES;
				IPHONEOS_DEPLOYMENT_TARGET = 15.5;
				MTL_ENABLE_DEBUG_INFO = INCLUDE_SOURCE;
				MTL_FAST_MATH = YES;
				ONLY_ACTIVE_ARCH = YES;
				SDKROOT = iphoneos;
				SWIFT_ACTIVE_COMPILATION_CONDITIONS = DEBUG;
				SWIFT_OPTIMIZATION_LEVEL = "-Onone";
			};
			name = Debug;
		};
		C96D192D29A0CB8C0056C3F9 /* Release */ = {
			isa = XCBuildConfiguration;
			buildSettings = {
				ALWAYS_SEARCH_USER_PATHS = NO;
				CLANG_ANALYZER_NONNULL = YES;
				CLANG_ANALYZER_NUMBER_OBJECT_CONVERSION = YES_AGGRESSIVE;
				CLANG_CXX_LANGUAGE_STANDARD = "gnu++17";
				CLANG_ENABLE_MODULES = YES;
				CLANG_ENABLE_OBJC_ARC = YES;
				CLANG_ENABLE_OBJC_WEAK = YES;
				CLANG_WARN_BLOCK_CAPTURE_AUTORELEASING = YES;
				CLANG_WARN_BOOL_CONVERSION = YES;
				CLANG_WARN_COMMA = YES;
				CLANG_WARN_CONSTANT_CONVERSION = YES;
				CLANG_WARN_DEPRECATED_OBJC_IMPLEMENTATIONS = YES;
				CLANG_WARN_DIRECT_OBJC_ISA_USAGE = YES_ERROR;
				CLANG_WARN_DOCUMENTATION_COMMENTS = YES;
				CLANG_WARN_EMPTY_BODY = YES;
				CLANG_WARN_ENUM_CONVERSION = YES;
				CLANG_WARN_INFINITE_RECURSION = YES;
				CLANG_WARN_INT_CONVERSION = YES;
				CLANG_WARN_NON_LITERAL_NULL_CONVERSION = YES;
				CLANG_WARN_OBJC_IMPLICIT_RETAIN_SELF = YES;
				CLANG_WARN_OBJC_LITERAL_CONVERSION = YES;
				CLANG_WARN_OBJC_ROOT_CLASS = YES_ERROR;
				CLANG_WARN_QUOTED_INCLUDE_IN_FRAMEWORK_HEADER = YES;
				CLANG_WARN_RANGE_LOOP_ANALYSIS = YES;
				CLANG_WARN_STRICT_PROTOTYPES = YES;
				CLANG_WARN_SUSPICIOUS_MOVE = YES;
				CLANG_WARN_UNGUARDED_AVAILABILITY = YES_AGGRESSIVE;
				CLANG_WARN_UNREACHABLE_CODE = YES;
				CLANG_WARN__DUPLICATE_METHOD_MATCH = YES;
				COPY_PHASE_STRIP = NO;
				DEBUG_INFORMATION_FORMAT = "dwarf-with-dsym";
				ENABLE_NS_ASSERTIONS = NO;
				ENABLE_STRICT_OBJC_MSGSEND = YES;
				GCC_C_LANGUAGE_STANDARD = gnu11;
				GCC_NO_COMMON_BLOCKS = YES;
				GCC_WARN_64_TO_32_BIT_CONVERSION = YES;
				GCC_WARN_ABOUT_RETURN_TYPE = YES_ERROR;
				GCC_WARN_UNDECLARED_SELECTOR = YES;
				GCC_WARN_UNINITIALIZED_AUTOS = YES_AGGRESSIVE;
				GCC_WARN_UNUSED_FUNCTION = YES;
				GCC_WARN_UNUSED_VARIABLE = YES;
				IPHONEOS_DEPLOYMENT_TARGET = 15.5;
				MTL_ENABLE_DEBUG_INFO = NO;
				MTL_FAST_MATH = YES;
				SDKROOT = iphoneos;
				SWIFT_COMPILATION_MODE = wholemodule;
				SWIFT_OPTIMIZATION_LEVEL = "-O";
				VALIDATE_PRODUCT = YES;
			};
			name = Release;
		};
		C96D192F29A0CB8C0056C3F9 /* Debug */ = {
			isa = XCBuildConfiguration;
			buildSettings = {
				ASSETCATALOG_COMPILER_APPICON_NAME = AppIcon;
				ASSETCATALOG_COMPILER_GLOBAL_ACCENT_COLOR_NAME = AccentColor;
				CODE_SIGN_STYLE = Automatic;
				CURRENT_PROJECT_VERSION = 1;
				DEVELOPMENT_TEAM = E4F3RD8E26;
				GENERATE_INFOPLIST_FILE = YES;
				INFOPLIST_FILE = LineNews/Info.plist;
				INFOPLIST_KEY_UIApplicationSupportsIndirectInputEvents = YES;
				INFOPLIST_KEY_UILaunchStoryboardName = LaunchScreen;
				INFOPLIST_KEY_UIMainStoryboardFile = Main;
				INFOPLIST_KEY_UISupportedInterfaceOrientations_iPad = "UIInterfaceOrientationPortrait UIInterfaceOrientationPortraitUpsideDown UIInterfaceOrientationLandscapeLeft UIInterfaceOrientationLandscapeRight";
				INFOPLIST_KEY_UISupportedInterfaceOrientations_iPhone = "UIInterfaceOrientationPortrait UIInterfaceOrientationLandscapeLeft UIInterfaceOrientationLandscapeRight";
				LD_RUNPATH_SEARCH_PATHS = (
					"$(inherited)",
					"@executable_path/Frameworks",
				);
				MARKETING_VERSION = 1.0;
				PRODUCT_BUNDLE_IDENTIFIER = com.vonkad.LineNews;
				PRODUCT_NAME = "$(TARGET_NAME)";
				SWIFT_EMIT_LOC_STRINGS = YES;
				SWIFT_VERSION = 5.0;
				TARGETED_DEVICE_FAMILY = "1,2";
			};
			name = Debug;
		};
		C96D193029A0CB8C0056C3F9 /* Release */ = {
			isa = XCBuildConfiguration;
			buildSettings = {
				ASSETCATALOG_COMPILER_APPICON_NAME = AppIcon;
				ASSETCATALOG_COMPILER_GLOBAL_ACCENT_COLOR_NAME = AccentColor;
				CODE_SIGN_STYLE = Automatic;
				CURRENT_PROJECT_VERSION = 1;
				DEVELOPMENT_TEAM = E4F3RD8E26;
				GENERATE_INFOPLIST_FILE = YES;
				INFOPLIST_FILE = LineNews/Info.plist;
				INFOPLIST_KEY_UIApplicationSupportsIndirectInputEvents = YES;
				INFOPLIST_KEY_UILaunchStoryboardName = LaunchScreen;
				INFOPLIST_KEY_UIMainStoryboardFile = Main;
				INFOPLIST_KEY_UISupportedInterfaceOrientations_iPad = "UIInterfaceOrientationPortrait UIInterfaceOrientationPortraitUpsideDown UIInterfaceOrientationLandscapeLeft UIInterfaceOrientationLandscapeRight";
				INFOPLIST_KEY_UISupportedInterfaceOrientations_iPhone = "UIInterfaceOrientationPortrait UIInterfaceOrientationLandscapeLeft UIInterfaceOrientationLandscapeRight";
				LD_RUNPATH_SEARCH_PATHS = (
					"$(inherited)",
					"@executable_path/Frameworks",
				);
				MARKETING_VERSION = 1.0;
				PRODUCT_BUNDLE_IDENTIFIER = com.vonkad.LineNews;
				PRODUCT_NAME = "$(TARGET_NAME)";
				SWIFT_EMIT_LOC_STRINGS = YES;
				SWIFT_VERSION = 5.0;
				TARGETED_DEVICE_FAMILY = "1,2";
			};
			name = Release;
		};
/* End XCBuildConfiguration section */

/* Begin XCConfigurationList section */
		C96D191229A0CB8B0056C3F9 /* Build configuration list for PBXProject "LineNews" */ = {
			isa = XCConfigurationList;
			buildConfigurations = (
				C96D192C29A0CB8C0056C3F9 /* Debug */,
				C96D192D29A0CB8C0056C3F9 /* Release */,
			);
			defaultConfigurationIsVisible = 0;
			defaultConfigurationName = Release;
		};
		C96D192E29A0CB8C0056C3F9 /* Build configuration list for PBXNativeTarget "LineNews" */ = {
			isa = XCConfigurationList;
			buildConfigurations = (
				C96D192F29A0CB8C0056C3F9 /* Debug */,
				C96D193029A0CB8C0056C3F9 /* Release */,
			);
			defaultConfigurationIsVisible = 0;
			defaultConfigurationName = Release;
		};
/* End XCConfigurationList section */

/* Begin XCVersionGroup section */
		C96D192329A0CB8B0056C3F9 /* LineNews.xcdatamodeld */ = {
			isa = XCVersionGroup;
			children = (
				C96D192429A0CB8B0056C3F9 /* LineNews.xcdatamodel */,
			);
			currentVersion = C96D192429A0CB8B0056C3F9 /* LineNews.xcdatamodel */;
			path = LineNews.xcdatamodeld;
			sourceTree = "<group>";
			versionGroupType = wrapper.xcdatamodel;
		};
/* End XCVersionGroup section */
	};
	rootObject = C96D190F29A0CB8B0056C3F9 /* Project object */;
}
