// !$*UTF8*$!
{
	archiveVersion = 1;
	classes = {
	};
	objectVersion = 55;
	objects = {

/* Begin PBXBuildFile section */
		69B2E60D1FCDA3241C8CEB09 /* Pods_LineNews.framework in Frameworks */ = {isa = PBXBuildFile; fileRef = 1C0B4B01811AF2D5A7F328EB /* Pods_LineNews.framework */; };
		C917C72E29A0E20900F7B49D /* ColorHex.swift in Sources */ = {isa = PBXBuildFile; fileRef = C917C72D29A0E20900F7B49D /* ColorHex.swift */; };
		C917C73129A0E3A600F7B49D /* Theme.swift in Sources */ = {isa = PBXBuildFile; fileRef = C917C73029A0E3A600F7B49D /* Theme.swift */; };
		C917C73429A0EC4B00F7B49D /* AppTextField.swift in Sources */ = {isa = PBXBuildFile; fileRef = C917C73329A0EC4B00F7B49D /* AppTextField.swift */; };
		C917C73629A0F06B00F7B49D /* AppButton.swift in Sources */ = {isa = PBXBuildFile; fileRef = C917C73529A0F06B00F7B49D /* AppButton.swift */; };
		C917C73829A0F4E100F7B49D /* AppTextButton.swift in Sources */ = {isa = PBXBuildFile; fileRef = C917C73729A0F4E100F7B49D /* AppTextButton.swift */; };
		C917C73D29A1485000F7B49D /* MainTabBarViewController.swift in Sources */ = {isa = PBXBuildFile; fileRef = C917C73C29A1485000F7B49D /* MainTabBarViewController.swift */; };
		C917C74129A14E5D00F7B49D /* NewsTableViewController.swift in Sources */ = {isa = PBXBuildFile; fileRef = C917C74029A14E5D00F7B49D /* NewsTableViewController.swift */; };
		C917C74429A14E9E00F7B49D /* NewsTableViewCell.swift in Sources */ = {isa = PBXBuildFile; fileRef = C917C74329A14E9E00F7B49D /* NewsTableViewCell.swift */; };
		C917C74729A14FA600F7B49D /* MapViewController.swift in Sources */ = {isa = PBXBuildFile; fileRef = C917C74629A14FA600F7B49D /* MapViewController.swift */; };
		C917C74A29A150BA00F7B49D /* FavouritesViewController.swift in Sources */ = {isa = PBXBuildFile; fileRef = C917C74929A150BA00F7B49D /* FavouritesViewController.swift */; };
		C917C74D29A150F300F7B49D /* ProfileViewController.swift in Sources */ = {isa = PBXBuildFile; fileRef = C917C74C29A150F300F7B49D /* ProfileViewController.swift */; };
		C96D191B29A0CB8B0056C3F9 /* AppDelegate.swift in Sources */ = {isa = PBXBuildFile; fileRef = C96D191A29A0CB8B0056C3F9 /* AppDelegate.swift */; };
		C96D191D29A0CB8B0056C3F9 /* SceneDelegate.swift in Sources */ = {isa = PBXBuildFile; fileRef = C96D191C29A0CB8B0056C3F9 /* SceneDelegate.swift */; };
		C96D191F29A0CB8B0056C3F9 /* StartViewController.swift in Sources */ = {isa = PBXBuildFile; fileRef = C96D191E29A0CB8B0056C3F9 /* StartViewController.swift */; };
		C96D192529A0CB8B0056C3F9 /* LineNews.xcdatamodeld in Sources */ = {isa = PBXBuildFile; fileRef = C96D192329A0CB8B0056C3F9 /* LineNews.xcdatamodeld */; };
		C96D192729A0CB8C0056C3F9 /* Assets.xcassets in Resources */ = {isa = PBXBuildFile; fileRef = C96D192629A0CB8C0056C3F9 /* Assets.xcassets */; };
		C96D192A29A0CB8C0056C3F9 /* LaunchScreen.storyboard in Resources */ = {isa = PBXBuildFile; fileRef = C96D192829A0CB8C0056C3F9 /* LaunchScreen.storyboard */; };
		C96D193929A0D65D0056C3F9 /* LogoAnimationView.swift in Sources */ = {isa = PBXBuildFile; fileRef = C96D193729A0D65D0056C3F9 /* LogoAnimationView.swift */; };
		C96D193F29A0D8F80056C3F9 /* logo.gif in Resources */ = {isa = PBXBuildFile; fileRef = C96D193E29A0D8F80056C3F9 /* logo.gif */; };
/* End PBXBuildFile section */

/* Begin PBXFileReference section */
		1C0B4B01811AF2D5A7F328EB /* Pods_LineNews.framework */ = {isa = PBXFileReference; explicitFileType = wrapper.framework; includeInIndex = 0; path = Pods_LineNews.framework; sourceTree = BUILT_PRODUCTS_DIR; };
		38A10DAD402D9C675399A930 /* Pods-LineNews.debug.xcconfig */ = {isa = PBXFileReference; includeInIndex = 1; lastKnownFileType = text.xcconfig; name = "Pods-LineNews.debug.xcconfig"; path = "Target Support Files/Pods-LineNews/Pods-LineNews.debug.xcconfig"; sourceTree = "<group>"; };
		81EE85A6F4C4323DBF8B07AB /* Pods-LineNews.release.xcconfig */ = {isa = PBXFileReference; includeInIndex = 1; lastKnownFileType = text.xcconfig; name = "Pods-LineNews.release.xcconfig"; path = "Target Support Files/Pods-LineNews/Pods-LineNews.release.xcconfig"; sourceTree = "<group>"; };
		C917C72D29A0E20900F7B49D /* ColorHex.swift */ = {isa = PBXFileReference; lastKnownFileType = sourcecode.swift; path = ColorHex.swift; sourceTree = "<group>"; };
		C917C73029A0E3A600F7B49D /* Theme.swift */ = {isa = PBXFileReference; lastKnownFileType = sourcecode.swift; path = Theme.swift; sourceTree = "<group>"; };
		C917C73329A0EC4B00F7B49D /* AppTextField.swift */ = {isa = PBXFileReference; lastKnownFileType = sourcecode.swift; path = AppTextField.swift; sourceTree = "<group>"; };
		C917C73529A0F06B00F7B49D /* AppButton.swift */ = {isa = PBXFileReference; lastKnownFileType = sourcecode.swift; path = AppButton.swift; sourceTree = "<group>"; };
		C917C73729A0F4E100F7B49D /* AppTextButton.swift */ = {isa = PBXFileReference; lastKnownFileType = sourcecode.swift; path = AppTextButton.swift; sourceTree = "<group>"; };
		C917C73C29A1485000F7B49D /* MainTabBarViewController.swift */ = {isa = PBXFileReference; lastKnownFileType = sourcecode.swift; path = MainTabBarViewController.swift; sourceTree = "<group>"; };
		C917C74029A14E5D00F7B49D /* NewsTableViewController.swift */ = {isa = PBXFileReference; lastKnownFileType = sourcecode.swift; path = NewsTableViewController.swift; sourceTree = "<group>"; };
		C917C74329A14E9E00F7B49D /* NewsTableViewCell.swift */ = {isa = PBXFileReference; lastKnownFileType = sourcecode.swift; path = NewsTableViewCell.swift; sourceTree = "<group>"; };
		C917C74629A14FA600F7B49D /* MapViewController.swift */ = {isa = PBXFileReference; lastKnownFileType = sourcecode.swift; path = MapViewController.swift; sourceTree = "<group>"; };
		C917C74929A150BA00F7B49D /* FavouritesViewController.swift */ = {isa = PBXFileReference; lastKnownFileType = sourcecode.swift; path = FavouritesViewController.swift; sourceTree = "<group>"; };
		C917C74C29A150F300F7B49D /* ProfileViewController.swift */ = {isa = PBXFileReference; lastKnownFileType = sourcecode.swift; path = ProfileViewController.swift; sourceTree = "<group>"; };
		C96D191729A0CB8B0056C3F9 /* LineNews.app */ = {isa = PBXFileReference; explicitFileType = wrapper.application; includeInIndex = 0; path = LineNews.app; sourceTree = BUILT_PRODUCTS_DIR; };
		C96D191A29A0CB8B0056C3F9 /* AppDelegate.swift */ = {isa = PBXFileReference; lastKnownFileType = sourcecode.swift; path = AppDelegate.swift; sourceTree = "<group>"; };
		C96D191C29A0CB8B0056C3F9 /* SceneDelegate.swift */ = {isa = PBXFileReference; lastKnownFileType = sourcecode.swift; path = SceneDelegate.swift; sourceTree = "<group>"; };
		C96D191E29A0CB8B0056C3F9 /* StartViewController.swift */ = {isa = PBXFileReference; lastKnownFileType = sourcecode.swift; path = StartViewController.swift; sourceTree = "<group>"; };
		C96D192429A0CB8B0056C3F9 /* LineNews.xcdatamodel */ = {isa = PBXFileReference; lastKnownFileType = wrapper.xcdatamodel; path = LineNews.xcdatamodel; sourceTree = "<group>"; };
		C96D192629A0CB8C0056C3F9 /* Assets.xcassets */ = {isa = PBXFileReference; lastKnownFileType = folder.assetcatalog; path = Assets.xcassets; sourceTree = "<group>"; };
		C96D192929A0CB8C0056C3F9 /* Base */ = {isa = PBXFileReference; lastKnownFileType = file.storyboard; name = Base; path = Base.lproj/LaunchScreen.storyboard; sourceTree = "<group>"; };
		C96D192B29A0CB8C0056C3F9 /* Info.plist */ = {isa = PBXFileReference; lastKnownFileType = text.plist.xml; path = Info.plist; sourceTree = "<group>"; };
		C96D193729A0D65D0056C3F9 /* LogoAnimationView.swift */ = {isa = PBXFileReference; fileEncoding = 4; lastKnownFileType = sourcecode.swift; path = LogoAnimationView.swift; sourceTree = "<group>"; };
		C96D193E29A0D8F80056C3F9 /* logo.gif */ = {isa = PBXFileReference; lastKnownFileType = image.gif; path = logo.gif; sourceTree = "<group>"; };
/* End PBXFileReference section */

/* Begin PBXFrameworksBuildPhase section */
		C96D191429A0CB8B0056C3F9 /* Frameworks */ = {
			isa = PBXFrameworksBuildPhase;
			buildActionMask = 2147483647;
			files = (
				69B2E60D1FCDA3241C8CEB09 /* Pods_LineNews.framework in Frameworks */,
			);
			runOnlyForDeploymentPostprocessing = 0;
		};
/* End PBXFrameworksBuildPhase section */

/* Begin PBXGroup section */
		465CCC4CD2D42F7A4F37BDEA /* Pods */ = {
			isa = PBXGroup;
			children = (
				38A10DAD402D9C675399A930 /* Pods-LineNews.debug.xcconfig */,
				81EE85A6F4C4323DBF8B07AB /* Pods-LineNews.release.xcconfig */,
			);
			path = Pods;
			sourceTree = "<group>";
		};
		6CBB12D4142C2CB13090E059 /* Frameworks */ = {
			isa = PBXGroup;
			children = (
				1C0B4B01811AF2D5A7F328EB /* Pods_LineNews.framework */,
			);
			name = Frameworks;
			sourceTree = "<group>";
		};
		C917C72B29A0E11D00F7B49D /* ViewControllers */ = {
			isa = PBXGroup;
			children = (
				C96D191E29A0CB8B0056C3F9 /* StartViewController.swift */,
				C917C73929A1470300F7B49D /* TabBarViewControllers */,
				C917C73229A0EC3900F7B49D /* Views */,
			);
			path = ViewControllers;
			sourceTree = "<group>";
		};
		C917C72C29A0E1EB00F7B49D /* Extensions */ = {
			isa = PBXGroup;
			children = (
				C917C72D29A0E20900F7B49D /* ColorHex.swift */,
			);
			path = Extensions;
			sourceTree = "<group>";
		};
		C917C72F29A0E39600F7B49D /* Theme */ = {
			isa = PBXGroup;
			children = (
				C917C73029A0E3A600F7B49D /* Theme.swift */,
			);
			path = Theme;
			sourceTree = "<group>";
		};
		C917C73229A0EC3900F7B49D /* Views */ = {
			isa = PBXGroup;
			children = (
				C917C73329A0EC4B00F7B49D /* AppTextField.swift */,
				C917C73729A0F4E100F7B49D /* AppTextButton.swift */,
				C917C73529A0F06B00F7B49D /* AppButton.swift */,
			);
			path = Views;
			sourceTree = "<group>";
		};
		C917C73929A1470300F7B49D /* TabBarViewControllers */ = {
			isa = PBXGroup;
			children = (
				C917C73C29A1485000F7B49D /* MainTabBarViewController.swift */,
				C917C73E29A14E3800F7B49D /* News */,
				C917C74529A14F9200F7B49D /* Map */,
				C917C74829A150A400F7B49D /* Favourites */,
				C917C74B29A150E000F7B49D /* Profile */,
			);
			path = TabBarViewControllers;
			sourceTree = "<group>";
		};
		C917C73E29A14E3800F7B49D /* News */ = {
			isa = PBXGroup;
			children = (
				C917C74029A14E5D00F7B49D /* NewsTableViewController.swift */,
				C917C74229A14E8700F7B49D /* Views */,
			);
			path = News;
			sourceTree = "<group>";
		};
		C917C74229A14E8700F7B49D /* Views */ = {
			isa = PBXGroup;
			children = (
				C917C74329A14E9E00F7B49D /* NewsTableViewCell.swift */,
			);
			path = Views;
			sourceTree = "<group>";
		};
		C917C74529A14F9200F7B49D /* Map */ = {
			isa = PBXGroup;
			children = (
				C917C74629A14FA600F7B49D /* MapViewController.swift */,
			);
			path = Map;
			sourceTree = "<group>";
		};
		C917C74829A150A400F7B49D /* Favourites */ = {
			isa = PBXGroup;
			children = (
				C917C74929A150BA00F7B49D /* FavouritesViewController.swift */,
			);
			path = Favourites;
			sourceTree = "<group>";
		};
		C917C74B29A150E000F7B49D /* Profile */ = {
			isa = PBXGroup;
			children = (
				C917C74C29A150F300F7B49D /* ProfileViewController.swift */,
			);
			path = Profile;
			sourceTree = "<group>";
		};
		C96D190E29A0CB8B0056C3F9 = {
			isa = PBXGroup;
			children = (
				C96D191929A0CB8B0056C3F9 /* LineNews */,
				C96D191829A0CB8B0056C3F9 /* Products */,
				465CCC4CD2D42F7A4F37BDEA /* Pods */,
				6CBB12D4142C2CB13090E059 /* Frameworks */,
			);
			sourceTree = "<group>";
		};
		C96D191829A0CB8B0056C3F9 /* Products */ = {
			isa = PBXGroup;
			children = (
				C96D191729A0CB8B0056C3F9 /* LineNews.app */,
			);
			name = Products;
			sourceTree = "<group>";
		};
		C96D191929A0CB8B0056C3F9 /* LineNews */ = {
			isa = PBXGroup;
			children = (
				C96D191A29A0CB8B0056C3F9 /* AppDelegate.swift */,
				C96D191C29A0CB8B0056C3F9 /* SceneDelegate.swift */,
				C917C72F29A0E39600F7B49D /* Theme */,
				C917C72B29A0E11D00F7B49D /* ViewControllers */,
				C96D193529A0D5EB0056C3F9 /* LaunchScreen */,
				C917C72C29A0E1EB00F7B49D /* Extensions */,
				C96D192629A0CB8C0056C3F9 /* Assets.xcassets */,
				C96D192B29A0CB8C0056C3F9 /* Info.plist */,
				C96D192329A0CB8B0056C3F9 /* LineNews.xcdatamodeld */,
			);
			path = LineNews;
			sourceTree = "<group>";
		};
		C96D193529A0D5EB0056C3F9 /* LaunchScreen */ = {
			isa = PBXGroup;
			children = (
				C96D193E29A0D8F80056C3F9 /* logo.gif */,
				C96D193729A0D65D0056C3F9 /* LogoAnimationView.swift */,
				C96D192829A0CB8C0056C3F9 /* LaunchScreen.storyboard */,
			);
			path = LaunchScreen;
			sourceTree = "<group>";
		};
/* End PBXGroup section */

/* Begin PBXNativeTarget section */
		C96D191629A0CB8B0056C3F9 /* LineNews */ = {
			isa = PBXNativeTarget;
			buildConfigurationList = C96D192E29A0CB8C0056C3F9 /* Build configuration list for PBXNativeTarget "LineNews" */;
			buildPhases = (
				9DA1163F5A30BAC9D956BB6E /* [CP] Check Pods Manifest.lock */,
				C96D191329A0CB8B0056C3F9 /* Sources */,
				C96D191429A0CB8B0056C3F9 /* Frameworks */,
				C96D191529A0CB8B0056C3F9 /* Resources */,
				76C6EB633056254331DDE15F /* [CP] Embed Pods Frameworks */,
			);
			buildRules = (
			);
			dependencies = (
			);
			name = LineNews;
			productName = LineNews;
			productReference = C96D191729A0CB8B0056C3F9 /* LineNews.app */;
			productType = "com.apple.product-type.application";
		};
/* End PBXNativeTarget section */

/* Begin PBXProject section */
		C96D190F29A0CB8B0056C3F9 /* Project object */ = {
			isa = PBXProject;
			attributes = {
				BuildIndependentTargetsInParallel = 1;
				LastSwiftUpdateCheck = 1340;
				LastUpgradeCheck = 1340;
				TargetAttributes = {
					C96D191629A0CB8B0056C3F9 = {
						CreatedOnToolsVersion = 13.4.1;
					};
				};
			};
			buildConfigurationList = C96D191229A0CB8B0056C3F9 /* Build configuration list for PBXProject "LineNews" */;
			compatibilityVersion = "Xcode 13.0";
			developmentRegion = en;
			hasScannedForEncodings = 0;
			knownRegions = (
				en,
				Base,
			);
			mainGroup = C96D190E29A0CB8B0056C3F9;
			productRefGroup = C96D191829A0CB8B0056C3F9 /* Products */;
			projectDirPath = "";
			projectRoot = "";
			targets = (
				C96D191629A0CB8B0056C3F9 /* LineNews */,
			);
		};
/* End PBXProject section */

/* Begin PBXResourcesBuildPhase section */
		C96D191529A0CB8B0056C3F9 /* Resources */ = {
			isa = PBXResourcesBuildPhase;
			buildActionMask = 2147483647;
			files = (
				C96D192A29A0CB8C0056C3F9 /* LaunchScreen.storyboard in Resources */,
				C96D192729A0CB8C0056C3F9 /* Assets.xcassets in Resources */,
				C96D193F29A0D8F80056C3F9 /* logo.gif in Resources */,
			);
			runOnlyForDeploymentPostprocessing = 0;
		};
/* End PBXResourcesBuildPhase section */

/* Begin PBXShellScriptBuildPhase section */
		76C6EB633056254331DDE15F /* [CP] Embed Pods Frameworks */ = {
			isa = PBXShellScriptBuildPhase;
			buildActionMask = 2147483647;
			files = (
			);
			inputFileListPaths = (
				"${PODS_ROOT}/Target Support Files/Pods-LineNews/Pods-LineNews-frameworks-${CONFIGURATION}-input-files.xcfilelist",
			);
			name = "[CP] Embed Pods Frameworks";
			outputFileListPaths = (
				"${PODS_ROOT}/Target Support Files/Pods-LineNews/Pods-LineNews-frameworks-${CONFIGURATION}-output-files.xcfilelist",
			);
			runOnlyForDeploymentPostprocessing = 0;
			shellPath = /bin/sh;
			shellScript = "\"${PODS_ROOT}/Target Support Files/Pods-LineNews/Pods-LineNews-frameworks.sh\"\n";
			showEnvVarsInLog = 0;
		};
		9DA1163F5A30BAC9D956BB6E /* [CP] Check Pods Manifest.lock */ = {
			isa = PBXShellScriptBuildPhase;
			buildActionMask = 2147483647;
			files = (
			);
			inputFileListPaths = (
			);
			inputPaths = (
				"${PODS_PODFILE_DIR_PATH}/Podfile.lock",
				"${PODS_ROOT}/Manifest.lock",
			);
			name = "[CP] Check Pods Manifest.lock";
			outputFileListPaths = (
			);
			outputPaths = (
				"$(DERIVED_FILE_DIR)/Pods-LineNews-checkManifestLockResult.txt",
			);
			runOnlyForDeploymentPostprocessing = 0;
			shellPath = /bin/sh;
			shellScript = "diff \"${PODS_PODFILE_DIR_PATH}/Podfile.lock\" \"${PODS_ROOT}/Manifest.lock\" > /dev/null\nif [ $? != 0 ] ; then\n    # print error to STDERR\n    echo \"error: The sandbox is not in sync with the Podfile.lock. Run 'pod install' or update your CocoaPods installation.\" >&2\n    exit 1\nfi\n# This output is used by Xcode 'outputs' to avoid re-running this script phase.\necho \"SUCCESS\" > \"${SCRIPT_OUTPUT_FILE_0}\"\n";
			showEnvVarsInLog = 0;
		};
/* End PBXShellScriptBuildPhase section */

/* Begin PBXSourcesBuildPhase section */
		C96D191329A0CB8B0056C3F9 /* Sources */ = {
			isa = PBXSourcesBuildPhase;
			buildActionMask = 2147483647;
			files = (
				C917C73829A0F4E100F7B49D /* AppTextButton.swift in Sources */,
				C96D191F29A0CB8B0056C3F9 /* StartViewController.swift in Sources */,
				C917C72E29A0E20900F7B49D /* ColorHex.swift in Sources */,
				C917C74A29A150BA00F7B49D /* FavouritesViewController.swift in Sources */,
				C96D191B29A0CB8B0056C3F9 /* AppDelegate.swift in Sources */,
				C917C74429A14E9E00F7B49D /* NewsTableViewCell.swift in Sources */,
				C917C74D29A150F300F7B49D /* ProfileViewController.swift in Sources */,
				C917C73629A0F06B00F7B49D /* AppButton.swift in Sources */,
				C917C74129A14E5D00F7B49D /* NewsTableViewController.swift in Sources */,
				C96D193929A0D65D0056C3F9 /* LogoAnimationView.swift in Sources */,
				C96D192529A0CB8B0056C3F9 /* LineNews.xcdatamodeld in Sources */,
				C96D191D29A0CB8B0056C3F9 /* SceneDelegate.swift in Sources */,
				C917C73D29A1485000F7B49D /* MainTabBarViewController.swift in Sources */,
				C917C73129A0E3A600F7B49D /* Theme.swift in Sources */,
				C917C73429A0EC4B00F7B49D /* AppTextField.swift in Sources */,
				C917C74729A14FA600F7B49D /* MapViewController.swift in Sources */,
			);
			runOnlyForDeploymentPostprocessing = 0;
		};
/* End PBXSourcesBuildPhase section */

/* Begin PBXVariantGroup section */
		C96D192829A0CB8C0056C3F9 /* LaunchScreen.storyboard */ = {
			isa = PBXVariantGroup;
			children = (
				C96D192929A0CB8C0056C3F9 /* Base */,
			);
			name = LaunchScreen.storyboard;
			sourceTree = "<group>";
		};
/* End PBXVariantGroup section */

/* Begin XCBuildConfiguration section */
		C96D192C29A0CB8C0056C3F9 /* Debug */ = {
			isa = XCBuildConfiguration;
			buildSettings = {
				ALWAYS_SEARCH_USER_PATHS = NO;
				CLANG_ANALYZER_NONNULL = YES;
				CLANG_ANALYZER_NUMBER_OBJECT_CONVERSION = YES_AGGRESSIVE;
				CLANG_CXX_LANGUAGE_STANDARD = "gnu++17";
				CLANG_ENABLE_MODULES = YES;
				CLANG_ENABLE_OBJC_ARC = YES;
				CLANG_ENABLE_OBJC_WEAK = YES;
				CLANG_WARN_BLOCK_CAPTURE_AUTORELEASING = YES;
				CLANG_WARN_BOOL_CONVERSION = YES;
				CLANG_WARN_COMMA = YES;
				CLANG_WARN_CONSTANT_CONVERSION = YES;
				CLANG_WARN_DEPRECATED_OBJC_IMPLEMENTATIONS = YES;
				CLANG_WARN_DIRECT_OBJC_ISA_USAGE = YES_ERROR;
				CLANG_WARN_DOCUMENTATION_COMMENTS = YES;
				CLANG_WARN_EMPTY_BODY = YES;
				CLANG_WARN_ENUM_CONVERSION = YES;
				CLANG_WARN_INFINITE_RECURSION = YES;
				CLANG_WARN_INT_CONVERSION = YES;
				CLANG_WARN_NON_LITERAL_NULL_CONVERSION = YES;
				CLANG_WARN_OBJC_IMPLICIT_RETAIN_SELF = YES;
				CLANG_WARN_OBJC_LITERAL_CONVERSION = YES;
				CLANG_WARN_OBJC_ROOT_CLASS = YES_ERROR;
				CLANG_WARN_QUOTED_INCLUDE_IN_FRAMEWORK_HEADER = YES;
				CLANG_WARN_RANGE_LOOP_ANALYSIS = YES;
				CLANG_WARN_STRICT_PROTOTYPES = YES;
				CLANG_WARN_SUSPICIOUS_MOVE = YES;
				CLANG_WARN_UNGUARDED_AVAILABILITY = YES_AGGRESSIVE;
				CLANG_WARN_UNREACHABLE_CODE = YES;
				CLANG_WARN__DUPLICATE_METHOD_MATCH = YES;
				COPY_PHASE_STRIP = NO;
				DEBUG_INFORMATION_FORMAT = dwarf;
				ENABLE_STRICT_OBJC_MSGSEND = YES;
				ENABLE_TESTABILITY = YES;
				GCC_C_LANGUAGE_STANDARD = gnu11;
				GCC_DYNAMIC_NO_PIC = NO;
				GCC_NO_COMMON_BLOCKS = YES;
				GCC_OPTIMIZATION_LEVEL = 0;
				GCC_PREPROCESSOR_DEFINITIONS = (
					"DEBUG=1",
					"$(inherited)",
				);
				GCC_WARN_64_TO_32_BIT_CONVERSION = YES;
				GCC_WARN_ABOUT_RETURN_TYPE = YES_ERROR;
				GCC_WARN_UNDECLARED_SELECTOR = YES;
				GCC_WARN_UNINITIALIZED_AUTOS = YES_AGGRESSIVE;
				GCC_WARN_UNUSED_FUNCTION = YES;
				GCC_WARN_UNUSED_VARIABLE = YES;
				IPHONEOS_DEPLOYMENT_TARGET = 13.0;
				MTL_ENABLE_DEBUG_INFO = INCLUDE_SOURCE;
				MTL_FAST_MATH = YES;
				ONLY_ACTIVE_ARCH = YES;
				SDKROOT = iphoneos;
				SWIFT_ACTIVE_COMPILATION_CONDITIONS = DEBUG;
				SWIFT_OPTIMIZATION_LEVEL = "-Onone";
			};
			name = Debug;
		};
		C96D192D29A0CB8C0056C3F9 /* Release */ = {
			isa = XCBuildConfiguration;
			buildSettings = {
				ALWAYS_SEARCH_USER_PATHS = NO;
				CLANG_ANALYZER_NONNULL = YES;
				CLANG_ANALYZER_NUMBER_OBJECT_CONVERSION = YES_AGGRESSIVE;
				CLANG_CXX_LANGUAGE_STANDARD = "gnu++17";
				CLANG_ENABLE_MODULES = YES;
				CLANG_ENABLE_OBJC_ARC = YES;
				CLANG_ENABLE_OBJC_WEAK = YES;
				CLANG_WARN_BLOCK_CAPTURE_AUTORELEASING = YES;
				CLANG_WARN_BOOL_CONVERSION = YES;
				CLANG_WARN_COMMA = YES;
				CLANG_WARN_CONSTANT_CONVERSION = YES;
				CLANG_WARN_DEPRECATED_OBJC_IMPLEMENTATIONS = YES;
				CLANG_WARN_DIRECT_OBJC_ISA_USAGE = YES_ERROR;
				CLANG_WARN_DOCUMENTATION_COMMENTS = YES;
				CLANG_WARN_EMPTY_BODY = YES;
				CLANG_WARN_ENUM_CONVERSION = YES;
				CLANG_WARN_INFINITE_RECURSION = YES;
				CLANG_WARN_INT_CONVERSION = YES;
				CLANG_WARN_NON_LITERAL_NULL_CONVERSION = YES;
				CLANG_WARN_OBJC_IMPLICIT_RETAIN_SELF = YES;
				CLANG_WARN_OBJC_LITERAL_CONVERSION = YES;
				CLANG_WARN_OBJC_ROOT_CLASS = YES_ERROR;
				CLANG_WARN_QUOTED_INCLUDE_IN_FRAMEWORK_HEADER = YES;
				CLANG_WARN_RANGE_LOOP_ANALYSIS = YES;
				CLANG_WARN_STRICT_PROTOTYPES = YES;
				CLANG_WARN_SUSPICIOUS_MOVE = YES;
				CLANG_WARN_UNGUARDED_AVAILABILITY = YES_AGGRESSIVE;
				CLANG_WARN_UNREACHABLE_CODE = YES;
				CLANG_WARN__DUPLICATE_METHOD_MATCH = YES;
				COPY_PHASE_STRIP = NO;
				DEBUG_INFORMATION_FORMAT = "dwarf-with-dsym";
				ENABLE_NS_ASSERTIONS = NO;
				ENABLE_STRICT_OBJC_MSGSEND = YES;
				GCC_C_LANGUAGE_STANDARD = gnu11;
				GCC_NO_COMMON_BLOCKS = YES;
				GCC_WARN_64_TO_32_BIT_CONVERSION = YES;
				GCC_WARN_ABOUT_RETURN_TYPE = YES_ERROR;
				GCC_WARN_UNDECLARED_SELECTOR = YES;
				GCC_WARN_UNINITIALIZED_AUTOS = YES_AGGRESSIVE;
				GCC_WARN_UNUSED_FUNCTION = YES;
				GCC_WARN_UNUSED_VARIABLE = YES;
				IPHONEOS_DEPLOYMENT_TARGET = 13.0;
				MTL_ENABLE_DEBUG_INFO = NO;
				MTL_FAST_MATH = YES;
				SDKROOT = iphoneos;
				SWIFT_COMPILATION_MODE = wholemodule;
				SWIFT_OPTIMIZATION_LEVEL = "-O";
				VALIDATE_PRODUCT = YES;
			};
			name = Release;
		};
		C96D192F29A0CB8C0056C3F9 /* Debug */ = {
			isa = XCBuildConfiguration;
			baseConfigurationReference = 38A10DAD402D9C675399A930 /* Pods-LineNews.debug.xcconfig */;
			buildSettings = {
				ASSETCATALOG_COMPILER_APPICON_NAME = AppIcon;
				ASSETCATALOG_COMPILER_GLOBAL_ACCENT_COLOR_NAME = AccentColor;
				CODE_SIGN_STYLE = Automatic;
				CURRENT_PROJECT_VERSION = 1;
				DEVELOPMENT_TEAM = E4F3RD8E26;
				GENERATE_INFOPLIST_FILE = YES;
				INFOPLIST_FILE = LineNews/Info.plist;
				INFOPLIST_KEY_UIApplicationSupportsIndirectInputEvents = YES;
				INFOPLIST_KEY_UILaunchStoryboardName = LaunchScreen;
				INFOPLIST_KEY_UISupportedInterfaceOrientations = UIInterfaceOrientationPortrait;
				INFOPLIST_KEY_UISupportedInterfaceOrientations_iPhone = UIInterfaceOrientationPortrait;
				LD_RUNPATH_SEARCH_PATHS = (
					"$(inherited)",
					"@executable_path/Frameworks",
				);
				MARKETING_VERSION = 1.0;
				PRODUCT_BUNDLE_IDENTIFIER = com.vonkad.LineNews;
				PRODUCT_NAME = "$(TARGET_NAME)";
				SWIFT_EMIT_LOC_STRINGS = YES;
				SWIFT_VERSION = 5.0;
				TARGETED_DEVICE_FAMILY = 1;
			};
			name = Debug;
		};
		C96D193029A0CB8C0056C3F9 /* Release */ = {
			isa = XCBuildConfiguration;
			baseConfigurationReference = 81EE85A6F4C4323DBF8B07AB /* Pods-LineNews.release.xcconfig */;
			buildSettings = {
				ASSETCATALOG_COMPILER_APPICON_NAME = AppIcon;
				ASSETCATALOG_COMPILER_GLOBAL_ACCENT_COLOR_NAME = AccentColor;
				CODE_SIGN_STYLE = Automatic;
				CURRENT_PROJECT_VERSION = 1;
				DEVELOPMENT_TEAM = E4F3RD8E26;
				GENERATE_INFOPLIST_FILE = YES;
				INFOPLIST_FILE = LineNews/Info.plist;
				INFOPLIST_KEY_UIApplicationSupportsIndirectInputEvents = YES;
				INFOPLIST_KEY_UILaunchStoryboardName = LaunchScreen;
				INFOPLIST_KEY_UISupportedInterfaceOrientations = UIInterfaceOrientationPortrait;
				INFOPLIST_KEY_UISupportedInterfaceOrientations_iPhone = UIInterfaceOrientationPortrait;
				LD_RUNPATH_SEARCH_PATHS = (
					"$(inherited)",
					"@executable_path/Frameworks",
				);
				MARKETING_VERSION = 1.0;
				PRODUCT_BUNDLE_IDENTIFIER = com.vonkad.LineNews;
				PRODUCT_NAME = "$(TARGET_NAME)";
				SWIFT_EMIT_LOC_STRINGS = YES;
				SWIFT_VERSION = 5.0;
				TARGETED_DEVICE_FAMILY = 1;
			};
			name = Release;
		};
/* End XCBuildConfiguration section */

/* Begin XCConfigurationList section */
		C96D191229A0CB8B0056C3F9 /* Build configuration list for PBXProject "LineNews" */ = {
			isa = XCConfigurationList;
			buildConfigurations = (
				C96D192C29A0CB8C0056C3F9 /* Debug */,
				C96D192D29A0CB8C0056C3F9 /* Release */,
			);
			defaultConfigurationIsVisible = 0;
			defaultConfigurationName = Release;
		};
		C96D192E29A0CB8C0056C3F9 /* Build configuration list for PBXNativeTarget "LineNews" */ = {
			isa = XCConfigurationList;
			buildConfigurations = (
				C96D192F29A0CB8C0056C3F9 /* Debug */,
				C96D193029A0CB8C0056C3F9 /* Release */,
			);
			defaultConfigurationIsVisible = 0;
			defaultConfigurationName = Release;
		};
/* End XCConfigurationList section */

/* Begin XCVersionGroup section */
		C96D192329A0CB8B0056C3F9 /* LineNews.xcdatamodeld */ = {
			isa = XCVersionGroup;
			children = (
				C96D192429A0CB8B0056C3F9 /* LineNews.xcdatamodel */,
			);
			currentVersion = C96D192429A0CB8B0056C3F9 /* LineNews.xcdatamodel */;
			path = LineNews.xcdatamodeld;
			sourceTree = "<group>";
			versionGroupType = wrapper.xcdatamodel;
		};
/* End XCVersionGroup section */
	};
	rootObject = C96D190F29A0CB8B0056C3F9 /* Project object */;
}
